{
  "name": "extensions",
  "lockfileVersion": 2,
  "requires": true,
  "packages": {
    "": {
      "dependencies": {
        "coc-git": ">=2.0.5"
      }
    },
    "node_modules/coc-git": {
      "version": "2.0.5",
      "license": "MIT",
      "engines": {
        "coc": "^0.0.79"
      }
    }
  },
  "dependencies": {
    "coc-git": {
      "version": "2.0.5"
    }
  }
}
